
Microsoft Visual Studio Solution File, Format Version 12.00
# Visual Studio 15
VisualStudioVersion = 15.0.28307.960
MinimumVisualStudioVersion = 10.0.40219.1
Project("{FAE04EC0-301F-11D3-BF4B-00C04F79EFBC}") = "InventoryManagement", "InventoryManagement\InventoryManagement.csproj", "{58321182-E235-41E4-825F-3AF6893614EB}"
EndProject
Global
	GlobalSection(SolutionConfigurationPlatforms) = preSolution
		Debug|Any CPU = Debug|Any CPU
		Release|Any CPU = Release|Any CPU
	EndGlobalSection
	GlobalSection(ProjectConfigurationPlatforms) = postSolution
		{58321182-E235-41E4-825F-3AF6893614EB}.Debug|Any CPU.ActiveCfg = Debug|Any CPU
		{58321182-E235-41E4-825F-3AF6893614EB}.Debug|Any CPU.Build.0 = Debug|Any CPU
		{58321182-E235-41E4-825F-3AF6893614EB}.Release|Any CPU.ActiveCfg = Release|Any CPU
		{58321182-E235-41E4-825F-3AF6893614EB}.Release|Any CPU.Build.0 = Release|Any CPU
	EndGlobalSection
	GlobalSection(SolutionProperties) = preSolution
		HideSolutionNode = FALSE
	EndGlobalSection
	GlobalSection(ExtensibilityGlobals) = postSolution
		SolutionGuid = {690C47D0-EB8F-40A1-B945-EF7A0C3A6EC4}
	EndGlobalSection
EndGlobal
